
Microsoft Visual Studio Solution File, Format Version 12.00
# Visual Studio Version 16
VisualStudioVersion = 16.0.30413.136
MinimumVisualStudioVersion = 10.0.40219.1
Project("{FAE04EC0-301F-11D3-BF4B-00C04F79EFBC}") = "CustomCodec", "CustomCodec\CustomCodec.csproj", "{C325BC55-6FBC-4D89-8F99-5B21022F775B}"
EndProject
Global
	GlobalSection(SolutionConfigurationPlatforms) = preSolution
		Debug|Any CPU = Debug|Any CPU
		Release|Any CPU = Release|Any CPU
	EndGlobalSection
	GlobalSection(ProjectConfigurationPlatforms) = postSolution
		{C325BC55-6FBC-4D89-8F99-5B21022F775B}.Debug|Any CPU.ActiveCfg = Debug|Any CPU
		{C325BC55-6FBC-4D89-8F99-5B21022F775B}.Debug|Any CPU.Build.0 = Debug|Any CPU
		{C325BC55-6FBC-4D89-8F99-5B21022F775B}.Release|Any CPU.ActiveCfg = Release|Any CPU
		{C325BC55-6FBC-4D89-8F99-5B21022F775B}.Release|Any CPU.Build.0 = Release|Any CPU
	EndGlobalSection
	GlobalSection(SolutionProperties) = preSolution
		HideSolutionNode = FALSE
	EndGlobalSection
	GlobalSection(ExtensibilityGlobals) = postSolution
		SolutionGuid = {71EF6DB2-80AC-4BC8-A7B8-89B357A211CD}
	EndGlobalSection
EndGlobal
